{
  "requires": true,
  "lockfileVersion": 1,
  "dependencies": {
    "tweetnacl": {
      "version": "1.0.2",
      "resolved": "https://registry.npmjs.org/tweetnacl/-/tweetnacl-1.0.2.tgz",
      "integrity": "sha512-+8aPRjmXgf1VqvyxSlBUzKzeYqVS9Ai8vZ28g+mL7dNQl1jlUTCMDZnvNQdAS1xTywMkIXwJsfipsR/6s2+syw=="
    }
  }
}
